Microsoft Visual Studio Solution File, Format Version 12.00
# Visual Studio 2012
Project("{FAE04EC0-301F-11D3-BF4B-00C04F79EFBC}") = "FormLanguageSwitch", "FormLanguageSwitch\FormLanguageSwitch.csproj", "{787B600C-9A56-41C7-A3C8-9553630FE3C1}"
EndProject
Project("{FAE04EC0-301F-11D3-BF4B-00C04F79EFBC}") = "TestSDIApp", "TestSDIApp\TestSDIApp.csproj", "{EA63D84A-6CF2-4E1C-9BC0-D604287AA6D2}"
EndProject
Project("{FAE04EC0-301F-11D3-BF4B-00C04F79EFBC}") = "TestMDIApp", "TestMDIApp\TestMDIApp.csproj", "{5B2EE2D5-6768-4905-B32B-C6D3F465F52D}"
EndProject
Global
	GlobalSection(SolutionConfigurationPlatforms) = preSolution
		Debug|Any CPU = Debug|Any CPU
		Release|Any CPU = Release|Any CPU
	EndGlobalSection
	GlobalSection(ProjectConfigurationPlatforms) = postSolution
		{787B600C-9A56-41C7-A3C8-9553630FE3C1}.Debug|Any CPU.ActiveCfg = Debug|Any CPU
		{787B600C-9A56-41C7-A3C8-9553630FE3C1}.Debug|Any CPU.Build.0 = Debug|Any CPU
		{787B600C-9A56-41C7-A3C8-9553630FE3C1}.Release|Any CPU.ActiveCfg = Release|Any CPU
		{787B600C-9A56-41C7-A3C8-9553630FE3C1}.Release|Any CPU.Build.0 = Release|Any CPU
		{EA63D84A-6CF2-4E1C-9BC0-D604287AA6D2}.Debug|Any CPU.ActiveCfg = Debug|Any CPU
		{EA63D84A-6CF2-4E1C-9BC0-D604287AA6D2}.Debug|Any CPU.Build.0 = Debug|Any CPU
		{EA63D84A-6CF2-4E1C-9BC0-D604287AA6D2}.Release|Any CPU.ActiveCfg = Release|Any CPU
		{EA63D84A-6CF2-4E1C-9BC0-D604287AA6D2}.Release|Any CPU.Build.0 = Release|Any CPU
		{5B2EE2D5-6768-4905-B32B-C6D3F465F52D}.Debug|Any CPU.ActiveCfg = Debug|Any CPU
		{5B2EE2D5-6768-4905-B32B-C6D3F465F52D}.Debug|Any CPU.Build.0 = Debug|Any CPU
		{5B2EE2D5-6768-4905-B32B-C6D3F465F52D}.Release|Any CPU.ActiveCfg = Release|Any CPU
		{5B2EE2D5-6768-4905-B32B-C6D3F465F52D}.Release|Any CPU.Build.0 = Release|Any CPU
	EndGlobalSection
	GlobalSection(SolutionProperties) = preSolution
		HideSolutionNode = FALSE
	EndGlobalSection
EndGlobal
